
Microsoft Visual Studio Solution File, Format Version 12.00
# Visual Studio Version 17
VisualStudioVersion = 17.0.31903.59
MinimumVisualStudioVersion = 10.0.40219.1
Project("{FAE04EC0-301F-11D3-BF4B-00C04F79EFBC}") = "trabalho_np1_pedido", "trabalho_np1_pedido\trabalho_np1_pedido.csproj", "{1E8A8146-8728-42A7-8149-F8D883FECF5F}"
EndProject
Global
	GlobalSection(SolutionConfigurationPlatforms) = preSolution
		Debug|Any CPU = Debug|Any CPU
		Release|Any CPU = Release|Any CPU
	EndGlobalSection
	GlobalSection(ProjectConfigurationPlatforms) = postSolution
		{1E8A8146-8728-42A7-8149-F8D883FECF5F}.Debug|Any CPU.ActiveCfg = Debug|Any CPU
		{1E8A8146-8728-42A7-8149-F8D883FECF5F}.Debug|Any CPU.Build.0 = Debug|Any CPU
		{1E8A8146-8728-42A7-8149-F8D883FECF5F}.Release|Any CPU.ActiveCfg = Release|Any CPU
		{1E8A8146-8728-42A7-8149-F8D883FECF5F}.Release|Any CPU.Build.0 = Release|Any CPU
	EndGlobalSection
	GlobalSection(SolutionProperties) = preSolution
		HideSolutionNode = FALSE
	EndGlobalSection
	GlobalSection(ExtensibilityGlobals) = postSolution
		SolutionGuid = {6182F5F9-42CA-407A-A4EC-DDE531676DF5}
	EndGlobalSection
EndGlobal
